
Microsoft Visual Studio Solution File, Format Version 12.00
# Visual Studio Version 17
VisualStudioVersion = 17.3.32929.385
MinimumVisualStudioVersion = 10.0.40219.1
Project("{9A19103F-16F7-4668-BE54-9A1E7A4F7556}") = "Data players", "Data players\Data players.csproj", "{71DB6752-C95E-4B78-B5E2-95BA20622967}"
EndProject
Project("{9A19103F-16F7-4668-BE54-9A1E7A4F7556}") = "DataCards", "DataCards\DataCards.csproj", "{CD141C74-60E7-49C4-9E13-62D64AD66275}"
EndProject
Project("{9A19103F-16F7-4668-BE54-9A1E7A4F7556}") = "Book storage", "Book storage\Book storage.csproj", "{E7EF7351-2F57-4F15-92D8-55C21686C708}"
EndProject
Project("{9A19103F-16F7-4668-BE54-9A1E7A4F7556}") = "Store", "Store\Store.csproj", "{88C18C94-407C-455B-9E00-E46FDEBD3D21}"
EndProject
Project("{9A19103F-16F7-4668-BE54-9A1E7A4F7556}") = "ConfigTrains", "ConfigTrains\ConfigTrains.csproj", "{5329A9B7-04A2-4E7E-8D57-5B9581147439}"
EndProject
Project("{9A19103F-16F7-4668-BE54-9A1E7A4F7556}") = "Fight", "Fight\Fight.csproj", "{9D48532C-DB6A-4300-8551-B0E4A9528661}"
EndProject
Project("{9A19103F-16F7-4668-BE54-9A1E7A4F7556}") = "Supermarket", "Supermarket\Supermarket.csproj", "{6D45DED5-1F41-4E7F-BB86-86AEEAC68406}"
EndProject
Project("{FAE04EC0-301F-11D3-BF4B-00C04F79EFBC}") = "War", "War\War.csproj", "{E183E345-C011-454B-B7D6-BFF2CFC0B49E}"
EndProject
Global
	GlobalSection(SolutionConfigurationPlatforms) = preSolution
		Debug|Any CPU = Debug|Any CPU
		Release|Any CPU = Release|Any CPU
	EndGlobalSection
	GlobalSection(ProjectConfigurationPlatforms) = postSolution
		{71DB6752-C95E-4B78-B5E2-95BA20622967}.Debug|Any CPU.ActiveCfg = Debug|Any CPU
		{71DB6752-C95E-4B78-B5E2-95BA20622967}.Debug|Any CPU.Build.0 = Debug|Any CPU
		{71DB6752-C95E-4B78-B5E2-95BA20622967}.Release|Any CPU.ActiveCfg = Release|Any CPU
		{71DB6752-C95E-4B78-B5E2-95BA20622967}.Release|Any CPU.Build.0 = Release|Any CPU
		{CD141C74-60E7-49C4-9E13-62D64AD66275}.Debug|Any CPU.ActiveCfg = Debug|Any CPU
		{CD141C74-60E7-49C4-9E13-62D64AD66275}.Debug|Any CPU.Build.0 = Debug|Any CPU
		{CD141C74-60E7-49C4-9E13-62D64AD66275}.Release|Any CPU.ActiveCfg = Release|Any CPU
		{CD141C74-60E7-49C4-9E13-62D64AD66275}.Release|Any CPU.Build.0 = Release|Any CPU
		{E7EF7351-2F57-4F15-92D8-55C21686C708}.Debug|Any CPU.ActiveCfg = Debug|Any CPU
		{E7EF7351-2F57-4F15-92D8-55C21686C708}.Debug|Any CPU.Build.0 = Debug|Any CPU
		{E7EF7351-2F57-4F15-92D8-55C21686C708}.Release|Any CPU.ActiveCfg = Release|Any CPU
		{E7EF7351-2F57-4F15-92D8-55C21686C708}.Release|Any CPU.Build.0 = Release|Any CPU
		{88C18C94-407C-455B-9E00-E46FDEBD3D21}.Debug|Any CPU.ActiveCfg = Debug|Any CPU
		{88C18C94-407C-455B-9E00-E46FDEBD3D21}.Debug|Any CPU.Build.0 = Debug|Any CPU
		{88C18C94-407C-455B-9E00-E46FDEBD3D21}.Release|Any CPU.ActiveCfg = Release|Any CPU
		{88C18C94-407C-455B-9E00-E46FDEBD3D21}.Release|Any CPU.Build.0 = Release|Any CPU
		{5329A9B7-04A2-4E7E-8D57-5B9581147439}.Debug|Any CPU.ActiveCfg = Debug|Any CPU
		{5329A9B7-04A2-4E7E-8D57-5B9581147439}.Debug|Any CPU.Build.0 = Debug|Any CPU
		{5329A9B7-04A2-4E7E-8D57-5B9581147439}.Release|Any CPU.ActiveCfg = Release|Any CPU
		{5329A9B7-04A2-4E7E-8D57-5B9581147439}.Release|Any CPU.Build.0 = Release|Any CPU
		{9D48532C-DB6A-4300-8551-B0E4A9528661}.Debug|Any CPU.ActiveCfg = Debug|Any CPU
		{9D48532C-DB6A-4300-8551-B0E4A9528661}.Debug|Any CPU.Build.0 = Debug|Any CPU
		{9D48532C-DB6A-4300-8551-B0E4A9528661}.Release|Any CPU.ActiveCfg = Release|Any CPU
		{9D48532C-DB6A-4300-8551-B0E4A9528661}.Release|Any CPU.Build.0 = Release|Any CPU
		{6D45DED5-1F41-4E7F-BB86-86AEEAC68406}.Debug|Any CPU.ActiveCfg = Debug|Any CPU
		{6D45DED5-1F41-4E7F-BB86-86AEEAC68406}.Debug|Any CPU.Build.0 = Debug|Any CPU
		{6D45DED5-1F41-4E7F-BB86-86AEEAC68406}.Release|Any CPU.ActiveCfg = Release|Any CPU
		{6D45DED5-1F41-4E7F-BB86-86AEEAC68406}.Release|Any CPU.Build.0 = Release|Any CPU
		{E183E345-C011-454B-B7D6-BFF2CFC0B49E}.Debug|Any CPU.ActiveCfg = Debug|Any CPU
		{E183E345-C011-454B-B7D6-BFF2CFC0B49E}.Debug|Any CPU.Build.0 = Debug|Any CPU
		{E183E345-C011-454B-B7D6-BFF2CFC0B49E}.Release|Any CPU.ActiveCfg = Release|Any CPU
		{E183E345-C011-454B-B7D6-BFF2CFC0B49E}.Release|Any CPU.Build.0 = Release|Any CPU
	EndGlobalSection
	GlobalSection(SolutionProperties) = preSolution
		HideSolutionNode = FALSE
	EndGlobalSection
	GlobalSection(ExtensibilityGlobals) = postSolution
		SolutionGuid = {4C4F7E9B-FA74-4B14-B19E-F5702A49C993}
	EndGlobalSection
EndGlobal
